
Microsoft Visual Studio Solution File, Format Version 12.00
# Visual Studio Version 17
VisualStudioVersion = 17.0.31912.275
MinimumVisualStudioVersion = 10.0.40219.1
Project("{9A19103F-16F7-4668-BE54-9A1E7A4F7556}") = "RPNTrafficControl", "RPNTrafficControl\RPNTrafficControl.csproj", "{708210E6-0C57-40D8-BC27-026520DCAE2F}"
EndProject
Project("{C7167F0D-BC9F-4E6E-AFE1-012C56B48DB5}") = "RPNTrafficControl.Package", "RPNTrafficControl.Package\RPNTrafficControl.Package.wapproj", "{22F86AA2-F2CE-4CD3-8013-E8ABE8DD53B4}"
EndProject
Global
	GlobalSection(SolutionConfigurationPlatforms) = preSolution
		Debug|Any CPU = Debug|Any CPU
		Debug|ARM = Debug|ARM
		Debug|ARM64 = Debug|ARM64
		Debug|x64 = Debug|x64
		Debug|x86 = Debug|x86
		Release|Any CPU = Release|Any CPU
		Release|ARM = Release|ARM
		Release|ARM64 = Release|ARM64
		Release|x64 = Release|x64
		Release|x86 = Release|x86
	EndGlobalSection
	GlobalSection(ProjectConfigurationPlatforms) = postSolution
		{708210E6-0C57-40D8-BC27-026520DCAE2F}.Debug|Any CPU.ActiveCfg = Debug|Any CPU
		{708210E6-0C57-40D8-BC27-026520DCAE2F}.Debug|Any CPU.Build.0 = Debug|Any CPU
		{708210E6-0C57-40D8-BC27-026520DCAE2F}.Debug|ARM.ActiveCfg = Debug|Any CPU
		{708210E6-0C57-40D8-BC27-026520DCAE2F}.Debug|ARM.Build.0 = Debug|Any CPU
		{708210E6-0C57-40D8-BC27-026520DCAE2F}.Debug|ARM64.ActiveCfg = Debug|Any CPU
		{708210E6-0C57-40D8-BC27-026520DCAE2F}.Debug|ARM64.Build.0 = Debug|Any CPU
		{708210E6-0C57-40D8-BC27-026520DCAE2F}.Debug|x64.ActiveCfg = Debug|Any CPU
		{708210E6-0C57-40D8-BC27-026520DCAE2F}.Debug|x64.Build.0 = Debug|Any CPU
		{708210E6-0C57-40D8-BC27-026520DCAE2F}.Debug|x86.ActiveCfg = Debug|Any CPU
		{708210E6-0C57-40D8-BC27-026520DCAE2F}.Debug|x86.Build.0 = Debug|Any CPU
		{708210E6-0C57-40D8-BC27-026520DCAE2F}.Release|Any CPU.ActiveCfg = Release|Any CPU
		{708210E6-0C57-40D8-BC27-026520DCAE2F}.Release|Any CPU.Build.0 = Release|Any CPU
		{708210E6-0C57-40D8-BC27-026520DCAE2F}.Release|ARM.ActiveCfg = Release|Any CPU
		{708210E6-0C57-40D8-BC27-026520DCAE2F}.Release|ARM.Build.0 = Release|Any CPU
		{708210E6-0C57-40D8-BC27-026520DCAE2F}.Release|ARM64.ActiveCfg = Release|Any CPU
		{708210E6-0C57-40D8-BC27-026520DCAE2F}.Release|ARM64.Build.0 = Release|Any CPU
		{708210E6-0C57-40D8-BC27-026520DCAE2F}.Release|x64.ActiveCfg = Release|Any CPU
		{708210E6-0C57-40D8-BC27-026520DCAE2F}.Release|x64.Build.0 = Release|Any CPU
		{708210E6-0C57-40D8-BC27-026520DCAE2F}.Release|x86.ActiveCfg = Release|Any CPU
		{708210E6-0C57-40D8-BC27-026520DCAE2F}.Release|x86.Build.0 = Release|Any CPU
		{22F86AA2-F2CE-4CD3-8013-E8ABE8DD53B4}.Debug|Any CPU.ActiveCfg = Debug|Any CPU
		{22F86AA2-F2CE-4CD3-8013-E8ABE8DD53B4}.Debug|Any CPU.Build.0 = Debug|Any CPU
		{22F86AA2-F2CE-4CD3-8013-E8ABE8DD53B4}.Debug|Any CPU.Deploy.0 = Debug|Any CPU
		{22F86AA2-F2CE-4CD3-8013-E8ABE8DD53B4}.Debug|ARM.ActiveCfg = Debug|ARM
		{22F86AA2-F2CE-4CD3-8013-E8ABE8DD53B4}.Debug|ARM.Build.0 = Debug|ARM
		{22F86AA2-F2CE-4CD3-8013-E8ABE8DD53B4}.Debug|ARM.Deploy.0 = Debug|ARM
		{22F86AA2-F2CE-4CD3-8013-E8ABE8DD53B4}.Debug|ARM64.ActiveCfg = Debug|ARM64
		{22F86AA2-F2CE-4CD3-8013-E8ABE8DD53B4}.Debug|ARM64.Build.0 = Debug|ARM64
		{22F86AA2-F2CE-4CD3-8013-E8ABE8DD53B4}.Debug|ARM64.Deploy.0 = Debug|ARM64
		{22F86AA2-F2CE-4CD3-8013-E8ABE8DD53B4}.Debug|x64.ActiveCfg = Debug|x64
		{22F86AA2-F2CE-4CD3-8013-E8ABE8DD53B4}.Debug|x64.Build.0 = Debug|x64
		{22F86AA2-F2CE-4CD3-8013-E8ABE8DD53B4}.Debug|x64.Deploy.0 = Debug|x64
		{22F86AA2-F2CE-4CD3-8013-E8ABE8DD53B4}.Debug|x86.ActiveCfg = Debug|x86
		{22F86AA2-F2CE-4CD3-8013-E8ABE8DD53B4}.Debug|x86.Build.0 = Debug|x86
		{22F86AA2-F2CE-4CD3-8013-E8ABE8DD53B4}.Debug|x86.Deploy.0 = Debug|x86
		{22F86AA2-F2CE-4CD3-8013-E8ABE8DD53B4}.Release|Any CPU.ActiveCfg = Release|Any CPU
		{22F86AA2-F2CE-4CD3-8013-E8ABE8DD53B4}.Release|Any CPU.Build.0 = Release|Any CPU
		{22F86AA2-F2CE-4CD3-8013-E8ABE8DD53B4}.Release|Any CPU.Deploy.0 = Release|Any CPU
		{22F86AA2-F2CE-4CD3-8013-E8ABE8DD53B4}.Release|ARM.ActiveCfg = Release|ARM
		{22F86AA2-F2CE-4CD3-8013-E8ABE8DD53B4}.Release|ARM.Build.0 = Release|ARM
		{22F86AA2-F2CE-4CD3-8013-E8ABE8DD53B4}.Release|ARM.Deploy.0 = Release|ARM
		{22F86AA2-F2CE-4CD3-8013-E8ABE8DD53B4}.Release|ARM64.ActiveCfg = Release|ARM64
		{22F86AA2-F2CE-4CD3-8013-E8ABE8DD53B4}.Release|ARM64.Build.0 = Release|ARM64
		{22F86AA2-F2CE-4CD3-8013-E8ABE8DD53B4}.Release|ARM64.Deploy.0 = Release|ARM64
		{22F86AA2-F2CE-4CD3-8013-E8ABE8DD53B4}.Release|x64.ActiveCfg = Release|x64
		{22F86AA2-F2CE-4CD3-8013-E8ABE8DD53B4}.Release|x64.Build.0 = Release|x64
		{22F86AA2-F2CE-4CD3-8013-E8ABE8DD53B4}.Release|x64.Deploy.0 = Release|x64
		{22F86AA2-F2CE-4CD3-8013-E8ABE8DD53B4}.Release|x86.ActiveCfg = Release|x86
		{22F86AA2-F2CE-4CD3-8013-E8ABE8DD53B4}.Release|x86.Build.0 = Release|x86
		{22F86AA2-F2CE-4CD3-8013-E8ABE8DD53B4}.Release|x86.Deploy.0 = Release|x86
	EndGlobalSection
	GlobalSection(SolutionProperties) = preSolution
		HideSolutionNode = FALSE
	EndGlobalSection
	GlobalSection(ExtensibilityGlobals) = postSolution
		SolutionGuid = {F256D6C0-C356-4643-BA57-ABBEAAE9ADB0}
	EndGlobalSection
EndGlobal
